
Microsoft Visual Studio Solution File, Format Version 12.00
# Visual Studio Version 17
VisualStudioVersion = 17.0.32126.317
MinimumVisualStudioVersion = 10.0.40219.1
Project("{FAE04EC0-301F-11D3-BF4B-00C04F79EFBC}") = "Local", "Local\Local.csproj", "{C2EB1C2D-7116-400C-B97E-2F4E9FF7E5F8}"
EndProject
Global
	GlobalSection(SolutionConfigurationPlatforms) = preSolution
		Debug|Any CPU = Debug|Any CPU
		Release|Any CPU = Release|Any CPU
	EndGlobalSection
	GlobalSection(ProjectConfigurationPlatforms) = postSolution
		{C2EB1C2D-7116-400C-B97E-2F4E9FF7E5F8}.Debug|Any CPU.ActiveCfg = Debug|Any CPU
		{C2EB1C2D-7116-400C-B97E-2F4E9FF7E5F8}.Debug|Any CPU.Build.0 = Debug|Any CPU
		{C2EB1C2D-7116-400C-B97E-2F4E9FF7E5F8}.Release|Any CPU.ActiveCfg = Release|Any CPU
		{C2EB1C2D-7116-400C-B97E-2F4E9FF7E5F8}.Release|Any CPU.Build.0 = Release|Any CPU
	EndGlobalSection
	GlobalSection(SolutionProperties) = preSolution
		HideSolutionNode = FALSE
	EndGlobalSection
	GlobalSection(ExtensibilityGlobals) = postSolution
		SolutionGuid = {4CA755C4-2896-44D4-A381-D39065A85C6C}
	EndGlobalSection
EndGlobal
